
Microsoft Visual Studio Solution File, Format Version 12.00
# Visual Studio Version 17
VisualStudioVersion = 17.1.32210.238
MinimumVisualStudioVersion = 10.0.40219.1
Project("{9A19103F-16F7-4668-BE54-9A1E7A4F7556}") = "CleanArch.Infra.API", "CleanArch\CleanArch.Infra.API.csproj", "{7A8254B7-88BC-4BFC-B13D-8B1417BA4100}"
EndProject
Project("{9A19103F-16F7-4668-BE54-9A1E7A4F7556}") = "CleanArch.Domain", "CleanArch.Domain\CleanArch.Domain.csproj", "{A3B92177-1C7D-4A9E-B1F5-BA61F8501C97}"
EndProject
Project("{9A19103F-16F7-4668-BE54-9A1E7A4F7556}") = "CleanArch.Infra.Data", "CleanArch.Infra.Data\CleanArch.Infra.Data.csproj", "{8AEE9CEE-A56A-40F7-A2CC-1820E07DC0B3}"
EndProject
Project("{FAE04EC0-301F-11D3-BF4B-00C04F79EFBC}") = "CleanArch.Infra.IoC", "CleanArch.Infra.IoC\CleanArch.Infra.IoC.csproj", "{7BFAEDDC-3378-4B70-9108-D8A1788911A4}"
EndProject
Project("{FAE04EC0-301F-11D3-BF4B-00C04F79EFBC}") = "CleanArch.Application", "CleanArch.Application\CleanArch.Application.csproj", "{6DE38116-D3F7-409A-9D99-641CB61AD0D1}"
EndProject
Global
	GlobalSection(SolutionConfigurationPlatforms) = preSolution
		Debug|Any CPU = Debug|Any CPU
		Release|Any CPU = Release|Any CPU
	EndGlobalSection
	GlobalSection(ProjectConfigurationPlatforms) = postSolution
		{7A8254B7-88BC-4BFC-B13D-8B1417BA4100}.Debug|Any CPU.ActiveCfg = Debug|Any CPU
		{7A8254B7-88BC-4BFC-B13D-8B1417BA4100}.Debug|Any CPU.Build.0 = Debug|Any CPU
		{7A8254B7-88BC-4BFC-B13D-8B1417BA4100}.Release|Any CPU.ActiveCfg = Release|Any CPU
		{7A8254B7-88BC-4BFC-B13D-8B1417BA4100}.Release|Any CPU.Build.0 = Release|Any CPU
		{A3B92177-1C7D-4A9E-B1F5-BA61F8501C97}.Debug|Any CPU.ActiveCfg = Debug|Any CPU
		{A3B92177-1C7D-4A9E-B1F5-BA61F8501C97}.Debug|Any CPU.Build.0 = Debug|Any CPU
		{A3B92177-1C7D-4A9E-B1F5-BA61F8501C97}.Release|Any CPU.ActiveCfg = Release|Any CPU
		{A3B92177-1C7D-4A9E-B1F5-BA61F8501C97}.Release|Any CPU.Build.0 = Release|Any CPU
		{8AEE9CEE-A56A-40F7-A2CC-1820E07DC0B3}.Debug|Any CPU.ActiveCfg = Debug|Any CPU
		{8AEE9CEE-A56A-40F7-A2CC-1820E07DC0B3}.Debug|Any CPU.Build.0 = Debug|Any CPU
		{8AEE9CEE-A56A-40F7-A2CC-1820E07DC0B3}.Release|Any CPU.ActiveCfg = Release|Any CPU
		{8AEE9CEE-A56A-40F7-A2CC-1820E07DC0B3}.Release|Any CPU.Build.0 = Release|Any CPU
		{7BFAEDDC-3378-4B70-9108-D8A1788911A4}.Debug|Any CPU.ActiveCfg = Debug|Any CPU
		{7BFAEDDC-3378-4B70-9108-D8A1788911A4}.Debug|Any CPU.Build.0 = Debug|Any CPU
		{7BFAEDDC-3378-4B70-9108-D8A1788911A4}.Release|Any CPU.ActiveCfg = Release|Any CPU
		{7BFAEDDC-3378-4B70-9108-D8A1788911A4}.Release|Any CPU.Build.0 = Release|Any CPU
		{6DE38116-D3F7-409A-9D99-641CB61AD0D1}.Debug|Any CPU.ActiveCfg = Debug|Any CPU
		{6DE38116-D3F7-409A-9D99-641CB61AD0D1}.Debug|Any CPU.Build.0 = Debug|Any CPU
		{6DE38116-D3F7-409A-9D99-641CB61AD0D1}.Release|Any CPU.ActiveCfg = Release|Any CPU
		{6DE38116-D3F7-409A-9D99-641CB61AD0D1}.Release|Any CPU.Build.0 = Release|Any CPU
	EndGlobalSection
	GlobalSection(SolutionProperties) = preSolution
		HideSolutionNode = FALSE
	EndGlobalSection
	GlobalSection(ExtensibilityGlobals) = postSolution
		SolutionGuid = {7A207C57-5C56-4055-A7B8-A56E7E1C908C}
	EndGlobalSection
EndGlobal
