
Microsoft Visual Studio Solution File, Format Version 12.00
# Visual Studio Version 17
VisualStudioVersion = 17.1.32210.238
MinimumVisualStudioVersion = 10.0.40219.1
Project("{FAE04EC0-301F-11D3-BF4B-00C04F79EFBC}") = "CleanArch", "CleanArch\CleanArch.csproj", "{7A8254B7-88BC-4BFC-B13D-8B1417BA4100}"
EndProject
Project("{FAE04EC0-301F-11D3-BF4B-00C04F79EFBC}") = "CleanArch,Application", "CleanArch,Application\CleanArch,Application.csproj", "{5BDBF1CD-9698-420B-8CB5-BAD768284968}"
EndProject
Project("{FAE04EC0-301F-11D3-BF4B-00C04F79EFBC}") = "CleanArch.Domain", "CleanArch.Domain\CleanArch.Domain.csproj", "{A3B92177-1C7D-4A9E-B1F5-BA61F8501C97}"
EndProject
Project("{FAE04EC0-301F-11D3-BF4B-00C04F79EFBC}") = "CleanArch.Infra.Data", "CleanArch.Infra.Data\CleanArch.Infra.Data.csproj", "{8AEE9CEE-A56A-40F7-A2CC-1820E07DC0B3}"
EndProject
Project("{FAE04EC0-301F-11D3-BF4B-00C04F79EFBC}") = "CleanArch.Infra.IoC", "CleanArch.Infra.IoC\CleanArch.Infra.IoC.csproj", "{7B37B545-6EA9-4E18-8905-5D547D6F7482}"
EndProject
Global
	GlobalSection(SolutionConfigurationPlatforms) = preSolution
		Debug|Any CPU = Debug|Any CPU
		Release|Any CPU = Release|Any CPU
	EndGlobalSection
	GlobalSection(ProjectConfigurationPlatforms) = postSolution
		{7A8254B7-88BC-4BFC-B13D-8B1417BA4100}.Debug|Any CPU.ActiveCfg = Debug|Any CPU
		{7A8254B7-88BC-4BFC-B13D-8B1417BA4100}.Debug|Any CPU.Build.0 = Debug|Any CPU
		{7A8254B7-88BC-4BFC-B13D-8B1417BA4100}.Release|Any CPU.ActiveCfg = Release|Any CPU
		{7A8254B7-88BC-4BFC-B13D-8B1417BA4100}.Release|Any CPU.Build.0 = Release|Any CPU
		{5BDBF1CD-9698-420B-8CB5-BAD768284968}.Debug|Any CPU.ActiveCfg = Debug|Any CPU
		{5BDBF1CD-9698-420B-8CB5-BAD768284968}.Debug|Any CPU.Build.0 = Debug|Any CPU
		{5BDBF1CD-9698-420B-8CB5-BAD768284968}.Release|Any CPU.ActiveCfg = Release|Any CPU
		{5BDBF1CD-9698-420B-8CB5-BAD768284968}.Release|Any CPU.Build.0 = Release|Any CPU
		{A3B92177-1C7D-4A9E-B1F5-BA61F8501C97}.Debug|Any CPU.ActiveCfg = Debug|Any CPU
		{A3B92177-1C7D-4A9E-B1F5-BA61F8501C97}.Debug|Any CPU.Build.0 = Debug|Any CPU
		{A3B92177-1C7D-4A9E-B1F5-BA61F8501C97}.Release|Any CPU.ActiveCfg = Release|Any CPU
		{A3B92177-1C7D-4A9E-B1F5-BA61F8501C97}.Release|Any CPU.Build.0 = Release|Any CPU
		{8AEE9CEE-A56A-40F7-A2CC-1820E07DC0B3}.Debug|Any CPU.ActiveCfg = Debug|Any CPU
		{8AEE9CEE-A56A-40F7-A2CC-1820E07DC0B3}.Debug|Any CPU.Build.0 = Debug|Any CPU
		{8AEE9CEE-A56A-40F7-A2CC-1820E07DC0B3}.Release|Any CPU.ActiveCfg = Release|Any CPU
		{8AEE9CEE-A56A-40F7-A2CC-1820E07DC0B3}.Release|Any CPU.Build.0 = Release|Any CPU
		{7B37B545-6EA9-4E18-8905-5D547D6F7482}.Debug|Any CPU.ActiveCfg = Debug|Any CPU
		{7B37B545-6EA9-4E18-8905-5D547D6F7482}.Debug|Any CPU.Build.0 = Debug|Any CPU
		{7B37B545-6EA9-4E18-8905-5D547D6F7482}.Release|Any CPU.ActiveCfg = Release|Any CPU
		{7B37B545-6EA9-4E18-8905-5D547D6F7482}.Release|Any CPU.Build.0 = Release|Any CPU
	EndGlobalSection
	GlobalSection(SolutionProperties) = preSolution
		HideSolutionNode = FALSE
	EndGlobalSection
	GlobalSection(ExtensibilityGlobals) = postSolution
		SolutionGuid = {7A207C57-5C56-4055-A7B8-A56E7E1C908C}
	EndGlobalSection
EndGlobal
